
Microsoft Visual Studio Solution File, Format Version 12.00
# Visual Studio Version 17
VisualStudioVersion = 17.5.002.0
MinimumVisualStudioVersion = 10.0.40219.1
Project("{9A19103F-16F7-4668-BE54-9A1E7A4F7556}") = "AdrianTube2", "AdrianTube2.csproj", "{79390B06-BD56-4184-9761-347F1C5FE846}"
EndProject
Global
	GlobalSection(SolutionConfigurationPlatforms) = preSolution
		Debug|Any CPU = Debug|Any CPU
		Release|Any CPU = Release|Any CPU
	EndGlobalSection
	GlobalSection(ProjectConfigurationPlatforms) = postSolution
		{79390B06-BD56-4184-9761-347F1C5FE846}.Debug|Any CPU.ActiveCfg = Debug|Any CPU
		{79390B06-BD56-4184-9761-347F1C5FE846}.Debug|Any CPU.Build.0 = Debug|Any CPU
		{79390B06-BD56-4184-9761-347F1C5FE846}.Release|Any CPU.ActiveCfg = Release|Any CPU
		{79390B06-BD56-4184-9761-347F1C5FE846}.Release|Any CPU.Build.0 = Release|Any CPU
	EndGlobalSection
	GlobalSection(SolutionProperties) = preSolution
		HideSolutionNode = FALSE
	EndGlobalSection
	GlobalSection(ExtensibilityGlobals) = postSolution
		SolutionGuid = {9FDCCE38-FCEE-4360-ADE5-24C66F01F655}
	EndGlobalSection
EndGlobal
